<?xml version="1.0" encoding="utf-8"?>
<Project ToolsVersion="4.0" xmlns="http://schemas.microsoft.com/developer/msbuild/2003">
  <ItemGroup>
    <ClCompile Include="src\ofApp.cpp">
      <Filter>src</Filter>
    </ClCompile>
    <ClCompile Include="src\main.cpp">
      <Filter>src</Filter>
    </ClCompile>
    <ClCompile Include="..\..\..\openFrameworks\addons\ofxGui\src\ofxBaseGui.cpp">
      <Filter>addons\ofxGui\src</Filter>
    </ClCompile>
    <ClCompile Include="..\..\..\openFrameworks\addons\ofxGui\src\ofxButton.cpp">
      <Filter>addons\ofxGui\src</Filter>
    </ClCompile>
    <ClCompile Include="..\..\..\openFrameworks\addons\ofxGui\src\ofxGuiGroup.cpp">
      <Filter>addons\ofxGui\src</Filter>
    </ClCompile>
    <ClCompile Include="..\..\..\openFrameworks\addons\ofxGui\src\ofxLabel.cpp">
      <Filter>addons\ofxGui\src</Filter>
    </ClCompile>
    <ClCompile Include="..\..\..\openFrameworks\addons\ofxGui\src\ofxPanel.cpp">
      <Filter>addons\ofxGui\src</Filter>
    </ClCompile>
    <ClCompile Include="..\..\..\openFrameworks\addons\ofxGui\src\ofxSlider.cpp">
      <Filter>addons\ofxGui\src</Filter>
    </ClCompile>
    <ClCompile Include="..\..\..\openFrameworks\addons\ofxGui\src\ofxSliderGroup.cpp">
      <Filter>addons\ofxGui\src</Filter>
    </ClCompile>
    <ClCompile Include="..\..\..\openFrameworks\addons\ofxGui\src\ofxToggle.cpp">
      <Filter>addons\ofxGui\src</Filter>
    </ClCompile>
    <ClCompile Include="..\src\ofxPango.cpp">
      <Filter>addons\ofxPango\src</Filter>
    </ClCompile>
    <ClCompile Include="..\src\ofxPCContext.cpp">
      <Filter>addons\ofxPango\src</Filter>
    </ClCompile>
    <ClCompile Include="..\src\ofxPCPangoFontDescription.cpp">
      <Filter>addons\ofxPango\src</Filter>
    </ClCompile>
    <ClCompile Include="..\src\ofxPCPangoLayout.cpp">
      <Filter>addons\ofxPango\src</Filter>
    </ClCompile>
    <ClCompile Include="..\src\ofxPCSurface.cpp">
      <Filter>addons\ofxPango\src</Filter>
    </ClCompile>
  </ItemGroup>
  <ItemGroup>
    <Filter Include="src">
      <UniqueIdentifier>{d8376475-7454-4a24-b08a-aac121d3ad6f}</UniqueIdentifier>
    </Filter>
    <Filter Include="addons">
      <UniqueIdentifier>{fd7686f5-1d15-4819-ad3d-2a5dc0c5af7e}</UniqueIdentifier>
    </Filter>
    <Filter Include="addons\ofxGui">
      <UniqueIdentifier>{f3f9f901-2c5c-42e1-b88f-60111022261f}</UniqueIdentifier>
    </Filter>
    <Filter Include="addons\ofxGui\src">
      <UniqueIdentifier>{ad5ff42a-79db-4ee6-bc4e-b6706a2a2b1d}</UniqueIdentifier>
    </Filter>
    <Filter Include="addons\ofxPango">
      <UniqueIdentifier>{00505cd7-6cea-4109-aa2b-4c8b3fb91cca}</UniqueIdentifier>
    </Filter>
    <Filter Include="addons\ofxPango\src">
      <UniqueIdentifier>{6dbaf035-fc0c-425d-a4f3-8312964ff59b}</UniqueIdentifier>
    </Filter>
  </ItemGroup>
  <ItemGroup>
    <ClInclude Include="src\ofApp.h">
      <Filter>src</Filter>
    </ClInclude>
    <ClInclude Include="..\..\..\openFrameworks\addons\ofxGui\src\ofxBaseGui.h">
      <Filter>addons\ofxGui\src</Filter>
    </ClInclude>
    <ClInclude Include="..\..\..\openFrameworks\addons\ofxGui\src\ofxButton.h">
      <Filter>addons\ofxGui\src</Filter>
    </ClInclude>
    <ClInclude Include="..\..\..\openFrameworks\addons\ofxGui\src\ofxGui.h">
      <Filter>addons\ofxGui\src</Filter>
    </ClInclude>
    <ClInclude Include="..\..\..\openFrameworks\addons\ofxGui\src\ofxGuiGroup.h">
      <Filter>addons\ofxGui\src</Filter>
    </ClInclude>
    <ClInclude Include="..\..\..\openFrameworks\addons\ofxGui\src\ofxLabel.h">
      <Filter>addons\ofxGui\src</Filter>
    </ClInclude>
    <ClInclude Include="..\..\..\openFrameworks\addons\ofxGui\src\ofxPanel.h">
      <Filter>addons\ofxGui\src</Filter>
    </ClInclude>
    <ClInclude Include="..\..\..\openFrameworks\addons\ofxGui\src\ofxSlider.h">
      <Filter>addons\ofxGui\src</Filter>
    </ClInclude>
    <ClInclude Include="..\..\..\openFrameworks\addons\ofxGui\src\ofxSliderGroup.h">
      <Filter>addons\ofxGui\src</Filter>
    </ClInclude>
    <ClInclude Include="..\..\..\openFrameworks\addons\ofxGui\src\ofxToggle.h">
      <Filter>addons\ofxGui\src</Filter>
    </ClInclude>
    <ClInclude Include="..\src\ofxPango.h">
      <Filter>addons\ofxPango\src</Filter>
    </ClInclude>
    <ClInclude Include="..\src\ofxPCContext.h">
      <Filter>addons\ofxPango\src</Filter>
    </ClInclude>
    <ClInclude Include="..\src\ofxPCPangoFontDescription.h">
      <Filter>addons\ofxPango\src</Filter>
    </ClInclude>
    <ClInclude Include="..\src\ofxPCPangoLayout.h">
      <Filter>addons\ofxPango\src</Filter>
    </ClInclude>
    <ClInclude Include="..\src\ofxPCSurface.h">
      <Filter>addons\ofxPango\src</Filter>
    </ClInclude>
  </ItemGroup>
</Project>