<?xml version="1.0" encoding="utf-8"?>
<Project ToolsVersion="4.0" xmlns="http://schemas.microsoft.com/developer/msbuild/2003">
  <ItemGroup>
    <ClCompile Include="src\ofApp.cpp">
      <Filter>src</Filter>
    </ClCompile>
    <ClCompile Include="src\main.cpp">
      <Filter>src</Filter>
    </ClCompile>
    <ClCompile Include="..\..\..\openFrameworks\addons\ofxGui\src\ofxBaseGui.cpp">
      <Filter>addons\ofxGui\src</Filter>
    </ClCompile>
    <ClCompile Include="..\..\..\openFrameworks\addons\ofxGui\src\ofxButton.cpp">
      <Filter>addons\ofxGui\src</Filter>
    </ClCompile>
    <ClCompile Include="..\..\..\openFrameworks\addons\ofxGui\src\ofxGuiGroup.cpp">
      <Filter>addons\ofxGui\src</Filter>
    </ClCompile>
    <ClCompile Include="..\..\..\openFrameworks\addons\ofxGui\src\ofxLabel.cpp">
      <Filter>addons\ofxGui\src</Filter>
    </ClCompile>
    <ClCompile Include="..\..\..\openFrameworks\addons\ofxGui\src\ofxPanel.cpp">
      <Filter>addons\ofxGui\src</Filter>
    </ClCompile>
    <ClCompile Include="..\..\..\openFrameworks\addons\ofxGui\src\ofxSlider.cpp">
      <Filter>addons\ofxGui\src</Filter>
    </ClCompile>
    <ClCompile Include="..\..\..\openFrameworks\addons\ofxGui\src\ofxSliderGroup.cpp">
      <Filter>addons\ofxGui\src</Filter>
    </ClCompile>
    <ClCompile Include="..\..\..\openFrameworks\addons\ofxGui\src\ofxToggle.cpp">
      <Filter>addons\ofxGui\src</Filter>
    </ClCompile>
    <ClCompile Include="..\src\ofxPango.cpp">
      <Filter>addons\ofxPango</Filter>
    </ClCompile>
    <ClCompile Include="..\src\ofxPCContext.cpp">
      <Filter>addons\ofxPango</Filter>
    </ClCompile>
    <ClCompile Include="..\src\ofxPCPangoFontDescription.cpp">
      <Filter>addons\ofxPango</Filter>
    </ClCompile>
    <ClCompile Include="..\src\ofxPCPangoLayout.cpp">
      <Filter>addons\ofxPango</Filter>
    </ClCompile>
    <ClCompile Include="..\src\ofxPCSurface.cpp">
      <Filter>addons\ofxPango</Filter>
    </ClCompile>
    <ClCompile Include="..\libs\pango\include\glib-2.0\gobject\gobjectnotifyqueue.c">
      <Filter>addons\ofxPango</Filter>
    </ClCompile>
  </ItemGroup>
  <ItemGroup>
    <Filter Include="src">
      <UniqueIdentifier>{d8376475-7454-4a24-b08a-aac121d3ad6f}</UniqueIdentifier>
    </Filter>
    <Filter Include="addons">
      <UniqueIdentifier>{fd7686f5-1d15-4819-ad3d-2a5dc0c5af7e}</UniqueIdentifier>
    </Filter>
    <Filter Include="addons\ofxGui">
      <UniqueIdentifier>{f3f9f901-2c5c-42e1-b88f-60111022261f}</UniqueIdentifier>
    </Filter>
    <Filter Include="addons\ofxGui\src">
      <UniqueIdentifier>{ad5ff42a-79db-4ee6-bc4e-b6706a2a2b1d}</UniqueIdentifier>
    </Filter>
    <Filter Include="addons\ofxPango">
      <UniqueIdentifier>{20bd0c7d-6d2c-4a36-b144-cb8b270cf08c}</UniqueIdentifier>
    </Filter>
  </ItemGroup>
  <ItemGroup>
    <ClInclude Include="src\ofApp.h">
      <Filter>src</Filter>
    </ClInclude>
    <ClInclude Include="..\..\..\openFrameworks\addons\ofxGui\src\ofxBaseGui.h">
      <Filter>addons\ofxGui\src</Filter>
    </ClInclude>
    <ClInclude Include="..\..\..\openFrameworks\addons\ofxGui\src\ofxButton.h">
      <Filter>addons\ofxGui\src</Filter>
    </ClInclude>
    <ClInclude Include="..\..\..\openFrameworks\addons\ofxGui\src\ofxGui.h">
      <Filter>addons\ofxGui\src</Filter>
    </ClInclude>
    <ClInclude Include="..\..\..\openFrameworks\addons\ofxGui\src\ofxGuiGroup.h">
      <Filter>addons\ofxGui\src</Filter>
    </ClInclude>
    <ClInclude Include="..\..\..\openFrameworks\addons\ofxGui\src\ofxLabel.h">
      <Filter>addons\ofxGui\src</Filter>
    </ClInclude>
    <ClInclude Include="..\..\..\openFrameworks\addons\ofxGui\src\ofxPanel.h">
      <Filter>addons\ofxGui\src</Filter>
    </ClInclude>
    <ClInclude Include="..\..\..\openFrameworks\addons\ofxGui\src\ofxSlider.h">
      <Filter>addons\ofxGui\src</Filter>
    </ClInclude>
    <ClInclude Include="..\..\..\openFrameworks\addons\ofxGui\src\ofxSliderGroup.h">
      <Filter>addons\ofxGui\src</Filter>
    </ClInclude>
    <ClInclude Include="..\..\..\openFrameworks\addons\ofxGui\src\ofxToggle.h">
      <Filter>addons\ofxGui\src</Filter>
    </ClInclude>
    <ClInclude Include="..\src\ofxPango.h">
      <Filter>addons\ofxPango</Filter>
    </ClInclude>
    <ClInclude Include="..\src\ofxPCContext.h">
      <Filter>addons\ofxPango</Filter>
    </ClInclude>
    <ClInclude Include="..\src\ofxPCPangoFontDescription.h">
      <Filter>addons\ofxPango</Filter>
    </ClInclude>
    <ClInclude Include="..\src\ofxPCPangoLayout.h">
      <Filter>addons\ofxPango</Filter>
    </ClInclude>
    <ClInclude Include="..\src\ofxPCSurface.h">
      <Filter>addons\ofxPango</Filter>
    </ClInclude>
    <ClInclude Include="..\libs\pango\include\cairo\cairo-deprecated.h">
      <Filter>addons\ofxPango</Filter>
    </ClInclude>
    <ClInclude Include="..\libs\pango\include\cairo\cairo-features.h">
      <Filter>addons\ofxPango</Filter>
    </ClInclude>
    <ClInclude Include="..\libs\pango\include\cairo\cairo-ft.h">
      <Filter>addons\ofxPango</Filter>
    </ClInclude>
    <ClInclude Include="..\libs\pango\include\cairo\cairo-gobject.h">
      <Filter>addons\ofxPango</Filter>
    </ClInclude>
    <ClInclude Include="..\libs\pango\include\cairo\cairo-pdf.h">
      <Filter>addons\ofxPango</Filter>
    </ClInclude>
    <ClInclude Include="..\libs\pango\include\cairo\cairo-ps.h">
      <Filter>addons\ofxPango</Filter>
    </ClInclude>
    <ClInclude Include="..\libs\pango\include\cairo\cairo-quartz-image.h">
      <Filter>addons\ofxPango</Filter>
    </ClInclude>
    <ClInclude Include="..\libs\pango\include\cairo\cairo-quartz.h">
      <Filter>addons\ofxPango</Filter>
    </ClInclude>
    <ClInclude Include="..\libs\pango\include\cairo\cairo-script-interpreter.h">
      <Filter>addons\ofxPango</Filter>
    </ClInclude>
    <ClInclude Include="..\libs\pango\include\cairo\cairo-script.h">
      <Filter>addons\ofxPango</Filter>
    </ClInclude>
    <ClInclude Include="..\libs\pango\include\cairo\cairo-svg.h">
      <Filter>addons\ofxPango</Filter>
    </ClInclude>
    <ClInclude Include="..\libs\pango\include\cairo\cairo-tee.h">
      <Filter>addons\ofxPango</Filter>
    </ClInclude>
    <ClInclude Include="..\libs\pango\include\cairo\cairo-version.h">
      <Filter>addons\ofxPango</Filter>
    </ClInclude>
    <ClInclude Include="..\libs\pango\include\cairo\cairo.h">
      <Filter>addons\ofxPango</Filter>
    </ClInclude>
    <ClInclude Include="..\libs\pango\include\fontconfig\fcfreetype.h">
      <Filter>addons\ofxPango</Filter>
    </ClInclude>
    <ClInclude Include="..\libs\pango\include\fontconfig\fcprivate.h">
      <Filter>addons\ofxPango</Filter>
    </ClInclude>
    <ClInclude Include="..\libs\pango\include\fontconfig\fontconfig.h">
      <Filter>addons\ofxPango</Filter>
    </ClInclude>
    <ClInclude Include="..\libs\pango\include\freetype2\config\ftconfig.h">
      <Filter>addons\ofxPango</Filter>
    </ClInclude>
    <ClInclude Include="..\libs\pango\include\freetype2\config\ftheader.h">
      <Filter>addons\ofxPango</Filter>
    </ClInclude>
    <ClInclude Include="..\libs\pango\include\freetype2\config\ftmodule.h">
      <Filter>addons\ofxPango</Filter>
    </ClInclude>
    <ClInclude Include="..\libs\pango\include\freetype2\config\ftoption.h">
      <Filter>addons\ofxPango</Filter>
    </ClInclude>
    <ClInclude Include="..\libs\pango\include\freetype2\config\ftstdlib.h">
      <Filter>addons\ofxPango</Filter>
    </ClInclude>
    <ClInclude Include="..\libs\pango\include\freetype2\freetype.h">
      <Filter>addons\ofxPango</Filter>
    </ClInclude>
    <ClInclude Include="..\libs\pango\include\freetype2\ft2build.h">
      <Filter>addons\ofxPango</Filter>
    </ClInclude>
    <ClInclude Include="..\libs\pango\include\freetype2\ftadvanc.h">
      <Filter>addons\ofxPango</Filter>
    </ClInclude>
    <ClInclude Include="..\libs\pango\include\freetype2\ftautoh.h">
      <Filter>addons\ofxPango</Filter>
    </ClInclude>
    <ClInclude Include="..\libs\pango\include\freetype2\ftbbox.h">
      <Filter>addons\ofxPango</Filter>
    </ClInclude>
    <ClInclude Include="..\libs\pango\include\freetype2\ftbdf.h">
      <Filter>addons\ofxPango</Filter>
    </ClInclude>
    <ClInclude Include="..\libs\pango\include\freetype2\ftbitmap.h">
      <Filter>addons\ofxPango</Filter>
    </ClInclude>
    <ClInclude Include="..\libs\pango\include\freetype2\ftbzip2.h">
      <Filter>addons\ofxPango</Filter>
    </ClInclude>
    <ClInclude Include="..\libs\pango\include\freetype2\ftcache.h">
      <Filter>addons\ofxPango</Filter>
    </ClInclude>
    <ClInclude Include="..\libs\pango\include\freetype2\ftcffdrv.h">
      <Filter>addons\ofxPango</Filter>
    </ClInclude>
    <ClInclude Include="..\libs\pango\include\freetype2\ftchapters.h">
      <Filter>addons\ofxPango</Filter>
    </ClInclude>
    <ClInclude Include="..\libs\pango\include\freetype2\ftcid.h">
      <Filter>addons\ofxPango</Filter>
    </ClInclude>
    <ClInclude Include="..\libs\pango\include\freetype2\fterrdef.h">
      <Filter>addons\ofxPango</Filter>
    </ClInclude>
    <ClInclude Include="..\libs\pango\include\freetype2\fterrors.h">
      <Filter>addons\ofxPango</Filter>
    </ClInclude>
    <ClInclude Include="..\libs\pango\include\freetype2\ftfntfmt.h">
      <Filter>addons\ofxPango</Filter>
    </ClInclude>
    <ClInclude Include="..\libs\pango\include\freetype2\ftgasp.h">
      <Filter>addons\ofxPango</Filter>
    </ClInclude>
    <ClInclude Include="..\libs\pango\include\freetype2\ftglyph.h">
      <Filter>addons\ofxPango</Filter>
    </ClInclude>
    <ClInclude Include="..\libs\pango\include\freetype2\ftgxval.h">
      <Filter>addons\ofxPango</Filter>
    </ClInclude>
    <ClInclude Include="..\libs\pango\include\freetype2\ftgzip.h">
      <Filter>addons\ofxPango</Filter>
    </ClInclude>
    <ClInclude Include="..\libs\pango\include\freetype2\ftimage.h">
      <Filter>addons\ofxPango</Filter>
    </ClInclude>
    <ClInclude Include="..\libs\pango\include\freetype2\ftincrem.h">
      <Filter>addons\ofxPango</Filter>
    </ClInclude>
    <ClInclude Include="..\libs\pango\include\freetype2\ftlcdfil.h">
      <Filter>addons\ofxPango</Filter>
    </ClInclude>
    <ClInclude Include="..\libs\pango\include\freetype2\ftlist.h">
      <Filter>addons\ofxPango</Filter>
    </ClInclude>
    <ClInclude Include="..\libs\pango\include\freetype2\ftlzw.h">
      <Filter>addons\ofxPango</Filter>
    </ClInclude>
    <ClInclude Include="..\libs\pango\include\freetype2\ftmac.h">
      <Filter>addons\ofxPango</Filter>
    </ClInclude>
    <ClInclude Include="..\libs\pango\include\freetype2\ftmm.h">
      <Filter>addons\ofxPango</Filter>
    </ClInclude>
    <ClInclude Include="..\libs\pango\include\freetype2\ftmodapi.h">
      <Filter>addons\ofxPango</Filter>
    </ClInclude>
    <ClInclude Include="..\libs\pango\include\freetype2\ftmoderr.h">
      <Filter>addons\ofxPango</Filter>
    </ClInclude>
    <ClInclude Include="..\libs\pango\include\freetype2\ftotval.h">
      <Filter>addons\ofxPango</Filter>
    </ClInclude>
    <ClInclude Include="..\libs\pango\include\freetype2\ftoutln.h">
      <Filter>addons\ofxPango</Filter>
    </ClInclude>
    <ClInclude Include="..\libs\pango\include\freetype2\ftpfr.h">
      <Filter>addons\ofxPango</Filter>
    </ClInclude>
    <ClInclude Include="..\libs\pango\include\freetype2\ftrender.h">
      <Filter>addons\ofxPango</Filter>
    </ClInclude>
    <ClInclude Include="..\libs\pango\include\freetype2\ftsizes.h">
      <Filter>addons\ofxPango</Filter>
    </ClInclude>
    <ClInclude Include="..\libs\pango\include\freetype2\ftsnames.h">
      <Filter>addons\ofxPango</Filter>
    </ClInclude>
    <ClInclude Include="..\libs\pango\include\freetype2\ftstroke.h">
      <Filter>addons\ofxPango</Filter>
    </ClInclude>
    <ClInclude Include="..\libs\pango\include\freetype2\ftsynth.h">
      <Filter>addons\ofxPango</Filter>
    </ClInclude>
    <ClInclude Include="..\libs\pango\include\freetype2\ftsystem.h">
      <Filter>addons\ofxPango</Filter>
    </ClInclude>
    <ClInclude Include="..\libs\pango\include\freetype2\fttrigon.h">
      <Filter>addons\ofxPango</Filter>
    </ClInclude>
    <ClInclude Include="..\libs\pango\include\freetype2\ftttdrv.h">
      <Filter>addons\ofxPango</Filter>
    </ClInclude>
    <ClInclude Include="..\libs\pango\include\freetype2\fttypes.h">
      <Filter>addons\ofxPango</Filter>
    </ClInclude>
    <ClInclude Include="..\libs\pango\include\freetype2\ftwinfnt.h">
      <Filter>addons\ofxPango</Filter>
    </ClInclude>
    <ClInclude Include="..\libs\pango\include\freetype2\t1tables.h">
      <Filter>addons\ofxPango</Filter>
    </ClInclude>
    <ClInclude Include="..\libs\pango\include\freetype2\ttnameid.h">
      <Filter>addons\ofxPango</Filter>
    </ClInclude>
    <ClInclude Include="..\libs\pango\include\freetype2\tttables.h">
      <Filter>addons\ofxPango</Filter>
    </ClInclude>
    <ClInclude Include="..\libs\pango\include\freetype2\tttags.h">
      <Filter>addons\ofxPango</Filter>
    </ClInclude>
    <ClInclude Include="..\libs\pango\include\freetype2\ttunpat.h">
      <Filter>addons\ofxPango</Filter>
    </ClInclude>
    <ClInclude Include="..\libs\pango\include\glib-2.0\gio\gaction.h">
      <Filter>addons\ofxPango</Filter>
    </ClInclude>
    <ClInclude Include="..\libs\pango\include\glib-2.0\gio\gactiongroup.h">
      <Filter>addons\ofxPango</Filter>
    </ClInclude>
    <ClInclude Include="..\libs\pango\include\glib-2.0\gio\gactiongroupexporter.h">
      <Filter>addons\ofxPango</Filter>
    </ClInclude>
    <ClInclude Include="..\libs\pango\include\glib-2.0\gio\gactionmap.h">
      <Filter>addons\ofxPango</Filter>
    </ClInclude>
    <ClInclude Include="..\libs\pango\include\glib-2.0\gio\gappinfo.h">
      <Filter>addons\ofxPango</Filter>
    </ClInclude>
    <ClInclude Include="..\libs\pango\include\glib-2.0\gio\gapplication.h">
      <Filter>addons\ofxPango</Filter>
    </ClInclude>
    <ClInclude Include="..\libs\pango\include\glib-2.0\gio\gapplicationcommandline.h">
      <Filter>addons\ofxPango</Filter>
    </ClInclude>
    <ClInclude Include="..\libs\pango\include\glib-2.0\gio\gasyncinitable.h">
      <Filter>addons\ofxPango</Filter>
    </ClInclude>
    <ClInclude Include="..\libs\pango\include\glib-2.0\gio\gasyncresult.h">
      <Filter>addons\ofxPango</Filter>
    </ClInclude>
    <ClInclude Include="..\libs\pango\include\glib-2.0\gio\gbufferedinputstream.h">
      <Filter>addons\ofxPango</Filter>
    </ClInclude>
    <ClInclude Include="..\libs\pango\include\glib-2.0\gio\gbufferedoutputstream.h">
      <Filter>addons\ofxPango</Filter>
    </ClInclude>
    <ClInclude Include="..\libs\pango\include\glib-2.0\gio\gbytesicon.h">
      <Filter>addons\ofxPango</Filter>
    </ClInclude>
    <ClInclude Include="..\libs\pango\include\glib-2.0\gio\gcancellable.h">
      <Filter>addons\ofxPango</Filter>
    </ClInclude>
    <ClInclude Include="..\libs\pango\include\glib-2.0\gio\gcharsetconverter.h">
      <Filter>addons\ofxPango</Filter>
    </ClInclude>
    <ClInclude Include="..\libs\pango\include\glib-2.0\gio\gcontenttype.h">
      <Filter>addons\ofxPango</Filter>
    </ClInclude>
    <ClInclude Include="..\libs\pango\include\glib-2.0\gio\gconverter.h">
      <Filter>addons\ofxPango</Filter>
    </ClInclude>
    <ClInclude Include="..\libs\pango\include\glib-2.0\gio\gconverterinputstream.h">
      <Filter>addons\ofxPango</Filter>
    </ClInclude>
    <ClInclude Include="..\libs\pango\include\glib-2.0\gio\gconverteroutputstream.h">
      <Filter>addons\ofxPango</Filter>
    </ClInclude>
    <ClInclude Include="..\libs\pango\include\glib-2.0\gio\gcredentials.h">
      <Filter>addons\ofxPango</Filter>
    </ClInclude>
    <ClInclude Include="..\libs\pango\include\glib-2.0\gio\gdatainputstream.h">
      <Filter>addons\ofxPango</Filter>
    </ClInclude>
    <ClInclude Include="..\libs\pango\include\glib-2.0\gio\gdataoutputstream.h">
      <Filter>addons\ofxPango</Filter>
    </ClInclude>
    <ClInclude Include="..\libs\pango\include\glib-2.0\gio\gdbusactiongroup.h">
      <Filter>addons\ofxPango</Filter>
    </ClInclude>
    <ClInclude Include="..\libs\pango\include\glib-2.0\gio\gdbusaddress.h">
      <Filter>addons\ofxPango</Filter>
    </ClInclude>
    <ClInclude Include="..\libs\pango\include\glib-2.0\gio\gdbusauthobserver.h">
      <Filter>addons\ofxPango</Filter>
    </ClInclude>
    <ClInclude Include="..\libs\pango\include\glib-2.0\gio\gdbusconnection.h">
      <Filter>addons\ofxPango</Filter>
    </ClInclude>
    <ClInclude Include="..\libs\pango\include\glib-2.0\gio\gdbuserror.h">
      <Filter>addons\ofxPango</Filter>
    </ClInclude>
    <ClInclude Include="..\libs\pango\include\glib-2.0\gio\gdbusinterface.h">
      <Filter>addons\ofxPango</Filter>
    </ClInclude>
    <ClInclude Include="..\libs\pango\include\glib-2.0\gio\gdbusinterfaceskeleton.h">
      <Filter>addons\ofxPango</Filter>
    </ClInclude>
    <ClInclude Include="..\libs\pango\include\glib-2.0\gio\gdbusintrospection.h">
      <Filter>addons\ofxPango</Filter>
    </ClInclude>
    <ClInclude Include="..\libs\pango\include\glib-2.0\gio\gdbusmenumodel.h">
      <Filter>addons\ofxPango</Filter>
    </ClInclude>
    <ClInclude Include="..\libs\pango\include\glib-2.0\gio\gdbusmessage.h">
      <Filter>addons\ofxPango</Filter>
    </ClInclude>
    <ClInclude Include="..\libs\pango\include\glib-2.0\gio\gdbusmethodinvocation.h">
      <Filter>addons\ofxPango</Filter>
    </ClInclude>
    <ClInclude Include="..\libs\pango\include\glib-2.0\gio\gdbusnameowning.h">
      <Filter>addons\ofxPango</Filter>
    </ClInclude>
    <ClInclude Include="..\libs\pango\include\glib-2.0\gio\gdbusnamewatching.h">
      <Filter>addons\ofxPango</Filter>
    </ClInclude>
    <ClInclude Include="..\libs\pango\include\glib-2.0\gio\gdbusobject.h">
      <Filter>addons\ofxPango</Filter>
    </ClInclude>
    <ClInclude Include="..\libs\pango\include\glib-2.0\gio\gdbusobjectmanager.h">
      <Filter>addons\ofxPango</Filter>
    </ClInclude>
    <ClInclude Include="..\libs\pango\include\glib-2.0\gio\gdbusobjectmanagerclient.h">
      <Filter>addons\ofxPango</Filter>
    </ClInclude>
    <ClInclude Include="..\libs\pango\include\glib-2.0\gio\gdbusobjectmanagerserver.h">
      <Filter>addons\ofxPango</Filter>
    </ClInclude>
    <ClInclude Include="..\libs\pango\include\glib-2.0\gio\gdbusobjectproxy.h">
      <Filter>addons\ofxPango</Filter>
    </ClInclude>
    <ClInclude Include="..\libs\pango\include\glib-2.0\gio\gdbusobjectskeleton.h">
      <Filter>addons\ofxPango</Filter>
    </ClInclude>
    <ClInclude Include="..\libs\pango\include\glib-2.0\gio\gdbusproxy.h">
      <Filter>addons\ofxPango</Filter>
    </ClInclude>
    <ClInclude Include="..\libs\pango\include\glib-2.0\gio\gdbusserver.h">
      <Filter>addons\ofxPango</Filter>
    </ClInclude>
    <ClInclude Include="..\libs\pango\include\glib-2.0\gio\gdbusutils.h">
      <Filter>addons\ofxPango</Filter>
    </ClInclude>
    <ClInclude Include="..\libs\pango\include\glib-2.0\gio\gdrive.h">
      <Filter>addons\ofxPango</Filter>
    </ClInclude>
    <ClInclude Include="..\libs\pango\include\glib-2.0\gio\gemblem.h">
      <Filter>addons\ofxPango</Filter>
    </ClInclude>
    <ClInclude Include="..\libs\pango\include\glib-2.0\gio\gemblemedicon.h">
      <Filter>addons\ofxPango</Filter>
    </ClInclude>
    <ClInclude Include="..\libs\pango\include\glib-2.0\gio\gfile.h">
      <Filter>addons\ofxPango</Filter>
    </ClInclude>
    <ClInclude Include="..\libs\pango\include\glib-2.0\gio\gfileattribute.h">
      <Filter>addons\ofxPango</Filter>
    </ClInclude>
    <ClInclude Include="..\libs\pango\include\glib-2.0\gio\gfileenumerator.h">
      <Filter>addons\ofxPango</Filter>
    </ClInclude>
    <ClInclude Include="..\libs\pango\include\glib-2.0\gio\gfileicon.h">
      <Filter>addons\ofxPango</Filter>
    </ClInclude>
    <ClInclude Include="..\libs\pango\include\glib-2.0\gio\gfileinfo.h">
      <Filter>addons\ofxPango</Filter>
    </ClInclude>
    <ClInclude Include="..\libs\pango\include\glib-2.0\gio\gfileinputstream.h">
      <Filter>addons\ofxPango</Filter>
    </ClInclude>
    <ClInclude Include="..\libs\pango\include\glib-2.0\gio\gfileiostream.h">
      <Filter>addons\ofxPango</Filter>
    </ClInclude>
    <ClInclude Include="..\libs\pango\include\glib-2.0\gio\gfilemonitor.h">
      <Filter>addons\ofxPango</Filter>
    </ClInclude>
    <ClInclude Include="..\libs\pango\include\glib-2.0\gio\gfilenamecompleter.h">
      <Filter>addons\ofxPango</Filter>
    </ClInclude>
    <ClInclude Include="..\libs\pango\include\glib-2.0\gio\gfileoutputstream.h">
      <Filter>addons\ofxPango</Filter>
    </ClInclude>
    <ClInclude Include="..\libs\pango\include\glib-2.0\gio\gfilterinputstream.h">
      <Filter>addons\ofxPango</Filter>
    </ClInclude>
    <ClInclude Include="..\libs\pango\include\glib-2.0\gio\gfilteroutputstream.h">
      <Filter>addons\ofxPango</Filter>
    </ClInclude>
    <ClInclude Include="..\libs\pango\include\glib-2.0\gio\gicon.h">
      <Filter>addons\ofxPango</Filter>
    </ClInclude>
    <ClInclude Include="..\libs\pango\include\glib-2.0\gio\ginetaddress.h">
      <Filter>addons\ofxPango</Filter>
    </ClInclude>
    <ClInclude Include="..\libs\pango\include\glib-2.0\gio\ginetaddressmask.h">
      <Filter>addons\ofxPango</Filter>
    </ClInclude>
    <ClInclude Include="..\libs\pango\include\glib-2.0\gio\ginetsocketaddress.h">
      <Filter>addons\ofxPango</Filter>
    </ClInclude>
    <ClInclude Include="..\libs\pango\include\glib-2.0\gio\ginitable.h">
      <Filter>addons\ofxPango</Filter>
    </ClInclude>
    <ClInclude Include="..\libs\pango\include\glib-2.0\gio\ginputstream.h">
      <Filter>addons\ofxPango</Filter>
    </ClInclude>
    <ClInclude Include="..\libs\pango\include\glib-2.0\gio\gio-autocleanups.h">
      <Filter>addons\ofxPango</Filter>
    </ClInclude>
    <ClInclude Include="..\libs\pango\include\glib-2.0\gio\gio.h">
      <Filter>addons\ofxPango</Filter>
    </ClInclude>
    <ClInclude Include="..\libs\pango\include\glib-2.0\gio\gioenums.h">
      <Filter>addons\ofxPango</Filter>
    </ClInclude>
    <ClInclude Include="..\libs\pango\include\glib-2.0\gio\gioenumtypes.h">
      <Filter>addons\ofxPango</Filter>
    </ClInclude>
    <ClInclude Include="..\libs\pango\include\glib-2.0\gio\gioerror.h">
      <Filter>addons\ofxPango</Filter>
    </ClInclude>
    <ClInclude Include="..\libs\pango\include\glib-2.0\gio\giomodule.h">
      <Filter>addons\ofxPango</Filter>
    </ClInclude>
    <ClInclude Include="..\libs\pango\include\glib-2.0\gio\gioscheduler.h">
      <Filter>addons\ofxPango</Filter>
    </ClInclude>
    <ClInclude Include="..\libs\pango\include\glib-2.0\gio\giostream.h">
      <Filter>addons\ofxPango</Filter>
    </ClInclude>
    <ClInclude Include="..\libs\pango\include\glib-2.0\gio\giotypes.h">
      <Filter>addons\ofxPango</Filter>
    </ClInclude>
    <ClInclude Include="..\libs\pango\include\glib-2.0\gio\glistmodel.h">
      <Filter>addons\ofxPango</Filter>
    </ClInclude>
    <ClInclude Include="..\libs\pango\include\glib-2.0\gio\gliststore.h">
      <Filter>addons\ofxPango</Filter>
    </ClInclude>
    <ClInclude Include="..\libs\pango\include\glib-2.0\gio\gloadableicon.h">
      <Filter>addons\ofxPango</Filter>
    </ClInclude>
    <ClInclude Include="..\libs\pango\include\glib-2.0\gio\gmemoryinputstream.h">
      <Filter>addons\ofxPango</Filter>
    </ClInclude>
    <ClInclude Include="..\libs\pango\include\glib-2.0\gio\gmemoryoutputstream.h">
      <Filter>addons\ofxPango</Filter>
    </ClInclude>
    <ClInclude Include="..\libs\pango\include\glib-2.0\gio\gmenu.h">
      <Filter>addons\ofxPango</Filter>
    </ClInclude>
    <ClInclude Include="..\libs\pango\include\glib-2.0\gio\gmenuexporter.h">
      <Filter>addons\ofxPango</Filter>
    </ClInclude>
    <ClInclude Include="..\libs\pango\include\glib-2.0\gio\gmenumodel.h">
      <Filter>addons\ofxPango</Filter>
    </ClInclude>
    <ClInclude Include="..\libs\pango\include\glib-2.0\gio\gmount.h">
      <Filter>addons\ofxPango</Filter>
    </ClInclude>
    <ClInclude Include="..\libs\pango\include\glib-2.0\gio\gmountoperation.h">
      <Filter>addons\ofxPango</Filter>
    </ClInclude>
    <ClInclude Include="..\libs\pango\include\glib-2.0\gio\gnativevolumemonitor.h">
      <Filter>addons\ofxPango</Filter>
    </ClInclude>
    <ClInclude Include="..\libs\pango\include\glib-2.0\gio\gnetworkaddress.h">
      <Filter>addons\ofxPango</Filter>
    </ClInclude>
    <ClInclude Include="..\libs\pango\include\glib-2.0\gio\gnetworking.h">
      <Filter>addons\ofxPango</Filter>
    </ClInclude>
    <ClInclude Include="..\libs\pango\include\glib-2.0\gio\gnetworkmonitor.h">
      <Filter>addons\ofxPango</Filter>
    </ClInclude>
    <ClInclude Include="..\libs\pango\include\glib-2.0\gio\gnetworkservice.h">
      <Filter>addons\ofxPango</Filter>
    </ClInclude>
    <ClInclude Include="..\libs\pango\include\glib-2.0\gio\gnotification.h">
      <Filter>addons\ofxPango</Filter>
    </ClInclude>
    <ClInclude Include="..\libs\pango\include\glib-2.0\gio\goutputstream.h">
      <Filter>addons\ofxPango</Filter>
    </ClInclude>
    <ClInclude Include="..\libs\pango\include\glib-2.0\gio\gpermission.h">
      <Filter>addons\ofxPango</Filter>
    </ClInclude>
    <ClInclude Include="..\libs\pango\include\glib-2.0\gio\gpollableinputstream.h">
      <Filter>addons\ofxPango</Filter>
    </ClInclude>
    <ClInclude Include="..\libs\pango\include\glib-2.0\gio\gpollableoutputstream.h">
      <Filter>addons\ofxPango</Filter>
    </ClInclude>
    <ClInclude Include="..\libs\pango\include\glib-2.0\gio\gpollableutils.h">
      <Filter>addons\ofxPango</Filter>
    </ClInclude>
    <ClInclude Include="..\libs\pango\include\glib-2.0\gio\gpropertyaction.h">
      <Filter>addons\ofxPango</Filter>
    </ClInclude>
    <ClInclude Include="..\libs\pango\include\glib-2.0\gio\gproxy.h">
      <Filter>addons\ofxPango</Filter>
    </ClInclude>
    <ClInclude Include="..\libs\pango\include\glib-2.0\gio\gproxyaddress.h">
      <Filter>addons\ofxPango</Filter>
    </ClInclude>
    <ClInclude Include="..\libs\pango\include\glib-2.0\gio\gproxyaddressenumerator.h">
      <Filter>addons\ofxPango</Filter>
    </ClInclude>
    <ClInclude Include="..\libs\pango\include\glib-2.0\gio\gproxyresolver.h">
      <Filter>addons\ofxPango</Filter>
    </ClInclude>
    <ClInclude Include="..\libs\pango\include\glib-2.0\gio\gremoteactiongroup.h">
      <Filter>addons\ofxPango</Filter>
    </ClInclude>
    <ClInclude Include="..\libs\pango\include\glib-2.0\gio\gresolver.h">
      <Filter>addons\ofxPango</Filter>
    </ClInclude>
    <ClInclude Include="..\libs\pango\include\glib-2.0\gio\gresource.h">
      <Filter>addons\ofxPango</Filter>
    </ClInclude>
    <ClInclude Include="..\libs\pango\include\glib-2.0\gio\gseekable.h">
      <Filter>addons\ofxPango</Filter>
    </ClInclude>
    <ClInclude Include="..\libs\pango\include\glib-2.0\gio\gsettings.h">
      <Filter>addons\ofxPango</Filter>
    </ClInclude>
    <ClInclude Include="..\libs\pango\include\glib-2.0\gio\gsettingsbackend.h">
      <Filter>addons\ofxPango</Filter>
    </ClInclude>
    <ClInclude Include="..\libs\pango\include\glib-2.0\gio\gsettingsschema.h">
      <Filter>addons\ofxPango</Filter>
    </ClInclude>
    <ClInclude Include="..\libs\pango\include\glib-2.0\gio\gsimpleaction.h">
      <Filter>addons\ofxPango</Filter>
    </ClInclude>
    <ClInclude Include="..\libs\pango\include\glib-2.0\gio\gsimpleactiongroup.h">
      <Filter>addons\ofxPango</Filter>
    </ClInclude>
    <ClInclude Include="..\libs\pango\include\glib-2.0\gio\gsimpleasyncresult.h">
      <Filter>addons\ofxPango</Filter>
    </ClInclude>
    <ClInclude Include="..\libs\pango\include\glib-2.0\gio\gsimpleiostream.h">
      <Filter>addons\ofxPango</Filter>
    </ClInclude>
    <ClInclude Include="..\libs\pango\include\glib-2.0\gio\gsimplepermission.h">
      <Filter>addons\ofxPango</Filter>
    </ClInclude>
    <ClInclude Include="..\libs\pango\include\glib-2.0\gio\gsimpleproxyresolver.h">
      <Filter>addons\ofxPango</Filter>
    </ClInclude>
    <ClInclude Include="..\libs\pango\include\glib-2.0\gio\gsocket.h">
      <Filter>addons\ofxPango</Filter>
    </ClInclude>
    <ClInclude Include="..\libs\pango\include\glib-2.0\gio\gsocketaddress.h">
      <Filter>addons\ofxPango</Filter>
    </ClInclude>
    <ClInclude Include="..\libs\pango\include\glib-2.0\gio\gsocketaddressenumerator.h">
      <Filter>addons\ofxPango</Filter>
    </ClInclude>
    <ClInclude Include="..\libs\pango\include\glib-2.0\gio\gsocketclient.h">
      <Filter>addons\ofxPango</Filter>
    </ClInclude>
    <ClInclude Include="..\libs\pango\include\glib-2.0\gio\gsocketconnectable.h">
      <Filter>addons\ofxPango</Filter>
    </ClInclude>
    <ClInclude Include="..\libs\pango\include\glib-2.0\gio\gsocketconnection.h">
      <Filter>addons\ofxPango</Filter>
    </ClInclude>
    <ClInclude Include="..\libs\pango\include\glib-2.0\gio\gsocketcontrolmessage.h">
      <Filter>addons\ofxPango</Filter>
    </ClInclude>
    <ClInclude Include="..\libs\pango\include\glib-2.0\gio\gsocketlistener.h">
      <Filter>addons\ofxPango</Filter>
    </ClInclude>
    <ClInclude Include="..\libs\pango\include\glib-2.0\gio\gsocketservice.h">
      <Filter>addons\ofxPango</Filter>
    </ClInclude>
    <ClInclude Include="..\libs\pango\include\glib-2.0\gio\gsrvtarget.h">
      <Filter>addons\ofxPango</Filter>
    </ClInclude>
    <ClInclude Include="..\libs\pango\include\glib-2.0\gio\gsubprocess.h">
      <Filter>addons\ofxPango</Filter>
    </ClInclude>
    <ClInclude Include="..\libs\pango\include\glib-2.0\gio\gsubprocesslauncher.h">
      <Filter>addons\ofxPango</Filter>
    </ClInclude>
    <ClInclude Include="..\libs\pango\include\glib-2.0\gio\gtask.h">
      <Filter>addons\ofxPango</Filter>
    </ClInclude>
    <ClInclude Include="..\libs\pango\include\glib-2.0\gio\gtcpconnection.h">
      <Filter>addons\ofxPango</Filter>
    </ClInclude>
    <ClInclude Include="..\libs\pango\include\glib-2.0\gio\gtcpwrapperconnection.h">
      <Filter>addons\ofxPango</Filter>
    </ClInclude>
    <ClInclude Include="..\libs\pango\include\glib-2.0\gio\gtestdbus.h">
      <Filter>addons\ofxPango</Filter>
    </ClInclude>
    <ClInclude Include="..\libs\pango\include\glib-2.0\gio\gthemedicon.h">
      <Filter>addons\ofxPango</Filter>
    </ClInclude>
    <ClInclude Include="..\libs\pango\include\glib-2.0\gio\gthreadedsocketservice.h">
      <Filter>addons\ofxPango</Filter>
    </ClInclude>
    <ClInclude Include="..\libs\pango\include\glib-2.0\gio\gtlsbackend.h">
      <Filter>addons\ofxPango</Filter>
    </ClInclude>
    <ClInclude Include="..\libs\pango\include\glib-2.0\gio\gtlscertificate.h">
      <Filter>addons\ofxPango</Filter>
    </ClInclude>
    <ClInclude Include="..\libs\pango\include\glib-2.0\gio\gtlsclientconnection.h">
      <Filter>addons\ofxPango</Filter>
    </ClInclude>
    <ClInclude Include="..\libs\pango\include\glib-2.0\gio\gtlsconnection.h">
      <Filter>addons\ofxPango</Filter>
    </ClInclude>
    <ClInclude Include="..\libs\pango\include\glib-2.0\gio\gtlsdatabase.h">
      <Filter>addons\ofxPango</Filter>
    </ClInclude>
    <ClInclude Include="..\libs\pango\include\glib-2.0\gio\gtlsfiledatabase.h">
      <Filter>addons\ofxPango</Filter>
    </ClInclude>
    <ClInclude Include="..\libs\pango\include\glib-2.0\gio\gtlsinteraction.h">
      <Filter>addons\ofxPango</Filter>
    </ClInclude>
    <ClInclude Include="..\libs\pango\include\glib-2.0\gio\gtlspassword.h">
      <Filter>addons\ofxPango</Filter>
    </ClInclude>
    <ClInclude Include="..\libs\pango\include\glib-2.0\gio\gtlsserverconnection.h">
      <Filter>addons\ofxPango</Filter>
    </ClInclude>
    <ClInclude Include="..\libs\pango\include\glib-2.0\gio\gvfs.h">
      <Filter>addons\ofxPango</Filter>
    </ClInclude>
    <ClInclude Include="..\libs\pango\include\glib-2.0\gio\gvolume.h">
      <Filter>addons\ofxPango</Filter>
    </ClInclude>
    <ClInclude Include="..\libs\pango\include\glib-2.0\gio\gvolumemonitor.h">
      <Filter>addons\ofxPango</Filter>
    </ClInclude>
    <ClInclude Include="..\libs\pango\include\glib-2.0\gio\gzlibcompressor.h">
      <Filter>addons\ofxPango</Filter>
    </ClInclude>
    <ClInclude Include="..\libs\pango\include\glib-2.0\gio\gzlibdecompressor.h">
      <Filter>addons\ofxPango</Filter>
    </ClInclude>
    <ClInclude Include="..\libs\pango\include\glib-2.0\glib\deprecated\gallocator.h">
      <Filter>addons\ofxPango</Filter>
    </ClInclude>
    <ClInclude Include="..\libs\pango\include\glib-2.0\glib\deprecated\gcache.h">
      <Filter>addons\ofxPango</Filter>
    </ClInclude>
    <ClInclude Include="..\libs\pango\include\glib-2.0\glib\deprecated\gcompletion.h">
      <Filter>addons\ofxPango</Filter>
    </ClInclude>
    <ClInclude Include="..\libs\pango\include\glib-2.0\glib\deprecated\gmain.h">
      <Filter>addons\ofxPango</Filter>
    </ClInclude>
    <ClInclude Include="..\libs\pango\include\glib-2.0\glib\deprecated\grel.h">
      <Filter>addons\ofxPango</Filter>
    </ClInclude>
    <ClInclude Include="..\libs\pango\include\glib-2.0\glib\deprecated\gthread.h">
      <Filter>addons\ofxPango</Filter>
    </ClInclude>
    <ClInclude Include="..\libs\pango\include\glib-2.0\glib\galloca.h">
      <Filter>addons\ofxPango</Filter>
    </ClInclude>
    <ClInclude Include="..\libs\pango\include\glib-2.0\glib\garray.h">
      <Filter>addons\ofxPango</Filter>
    </ClInclude>
    <ClInclude Include="..\libs\pango\include\glib-2.0\glib\gasyncqueue.h">
      <Filter>addons\ofxPango</Filter>
    </ClInclude>
    <ClInclude Include="..\libs\pango\include\glib-2.0\glib\gatomic.h">
      <Filter>addons\ofxPango</Filter>
    </ClInclude>
    <ClInclude Include="..\libs\pango\include\glib-2.0\glib\gbacktrace.h">
      <Filter>addons\ofxPango</Filter>
    </ClInclude>
    <ClInclude Include="..\libs\pango\include\glib-2.0\glib\gbase64.h">
      <Filter>addons\ofxPango</Filter>
    </ClInclude>
    <ClInclude Include="..\libs\pango\include\glib-2.0\glib\gbitlock.h">
      <Filter>addons\ofxPango</Filter>
    </ClInclude>
    <ClInclude Include="..\libs\pango\include\glib-2.0\glib\gbookmarkfile.h">
      <Filter>addons\ofxPango</Filter>
    </ClInclude>
    <ClInclude Include="..\libs\pango\include\glib-2.0\glib\gbytes.h">
      <Filter>addons\ofxPango</Filter>
    </ClInclude>
    <ClInclude Include="..\libs\pango\include\glib-2.0\glib\gcharset.h">
      <Filter>addons\ofxPango</Filter>
    </ClInclude>
    <ClInclude Include="..\libs\pango\include\glib-2.0\glib\gchecksum.h">
      <Filter>addons\ofxPango</Filter>
    </ClInclude>
    <ClInclude Include="..\libs\pango\include\glib-2.0\glib\gconvert.h">
      <Filter>addons\ofxPango</Filter>
    </ClInclude>
    <ClInclude Include="..\libs\pango\include\glib-2.0\glib\gdataset.h">
      <Filter>addons\ofxPango</Filter>
    </ClInclude>
    <ClInclude Include="..\libs\pango\include\glib-2.0\glib\gdate.h">
      <Filter>addons\ofxPango</Filter>
    </ClInclude>
    <ClInclude Include="..\libs\pango\include\glib-2.0\glib\gdatetime.h">
      <Filter>addons\ofxPango</Filter>
    </ClInclude>
    <ClInclude Include="..\libs\pango\include\glib-2.0\glib\gdir.h">
      <Filter>addons\ofxPango</Filter>
    </ClInclude>
    <ClInclude Include="..\libs\pango\include\glib-2.0\glib\genviron.h">
      <Filter>addons\ofxPango</Filter>
    </ClInclude>
    <ClInclude Include="..\libs\pango\include\glib-2.0\glib\gerror.h">
      <Filter>addons\ofxPango</Filter>
    </ClInclude>
    <ClInclude Include="..\libs\pango\include\glib-2.0\glib\gfileutils.h">
      <Filter>addons\ofxPango</Filter>
    </ClInclude>
    <ClInclude Include="..\libs\pango\include\glib-2.0\glib\ggettext.h">
      <Filter>addons\ofxPango</Filter>
    </ClInclude>
    <ClInclude Include="..\libs\pango\include\glib-2.0\glib\ghash.h">
      <Filter>addons\ofxPango</Filter>
    </ClInclude>
    <ClInclude Include="..\libs\pango\include\glib-2.0\glib\ghmac.h">
      <Filter>addons\ofxPango</Filter>
    </ClInclude>
    <ClInclude Include="..\libs\pango\include\glib-2.0\glib\ghook.h">
      <Filter>addons\ofxPango</Filter>
    </ClInclude>
    <ClInclude Include="..\libs\pango\include\glib-2.0\glib\ghostutils.h">
      <Filter>addons\ofxPango</Filter>
    </ClInclude>
    <ClInclude Include="..\libs\pango\include\glib-2.0\glib\gi18n-lib.h">
      <Filter>addons\ofxPango</Filter>
    </ClInclude>
    <ClInclude Include="..\libs\pango\include\glib-2.0\glib\gi18n.h">
      <Filter>addons\ofxPango</Filter>
    </ClInclude>
    <ClInclude Include="..\libs\pango\include\glib-2.0\glib\giochannel.h">
      <Filter>addons\ofxPango</Filter>
    </ClInclude>
    <ClInclude Include="..\libs\pango\include\glib-2.0\glib\gkeyfile.h">
      <Filter>addons\ofxPango</Filter>
    </ClInclude>
    <ClInclude Include="..\libs\pango\include\glib-2.0\glib\glib-autocleanups.h">
      <Filter>addons\ofxPango</Filter>
    </ClInclude>
    <ClInclude Include="..\libs\pango\include\glib-2.0\glib\glist.h">
      <Filter>addons\ofxPango</Filter>
    </ClInclude>
    <ClInclude Include="..\libs\pango\include\glib-2.0\glib\gmacros.h">
      <Filter>addons\ofxPango</Filter>
    </ClInclude>
    <ClInclude Include="..\libs\pango\include\glib-2.0\glib\gmain.h">
      <Filter>addons\ofxPango</Filter>
    </ClInclude>
    <ClInclude Include="..\libs\pango\include\glib-2.0\glib\gmappedfile.h">
      <Filter>addons\ofxPango</Filter>
    </ClInclude>
    <ClInclude Include="..\libs\pango\include\glib-2.0\glib\gmarkup.h">
      <Filter>addons\ofxPango</Filter>
    </ClInclude>
    <ClInclude Include="..\libs\pango\include\glib-2.0\glib\gmem.h">
      <Filter>addons\ofxPango</Filter>
    </ClInclude>
    <ClInclude Include="..\libs\pango\include\glib-2.0\glib\gmessages.h">
      <Filter>addons\ofxPango</Filter>
    </ClInclude>
    <ClInclude Include="..\libs\pango\include\glib-2.0\glib\gnode.h">
      <Filter>addons\ofxPango</Filter>
    </ClInclude>
    <ClInclude Include="..\libs\pango\include\glib-2.0\glib\goption.h">
      <Filter>addons\ofxPango</Filter>
    </ClInclude>
    <ClInclude Include="..\libs\pango\include\glib-2.0\glib\gpattern.h">
      <Filter>addons\ofxPango</Filter>
    </ClInclude>
    <ClInclude Include="..\libs\pango\include\glib-2.0\glib\gpoll.h">
      <Filter>addons\ofxPango</Filter>
    </ClInclude>
    <ClInclude Include="..\libs\pango\include\glib-2.0\glib\gprimes.h">
      <Filter>addons\ofxPango</Filter>
    </ClInclude>
    <ClInclude Include="..\libs\pango\include\glib-2.0\glib\gprintf.h">
      <Filter>addons\ofxPango</Filter>
    </ClInclude>
    <ClInclude Include="..\libs\pango\include\glib-2.0\glib\gqsort.h">
      <Filter>addons\ofxPango</Filter>
    </ClInclude>
    <ClInclude Include="..\libs\pango\include\glib-2.0\glib\gquark.h">
      <Filter>addons\ofxPango</Filter>
    </ClInclude>
    <ClInclude Include="..\libs\pango\include\glib-2.0\glib\gqueue.h">
      <Filter>addons\ofxPango</Filter>
    </ClInclude>
    <ClInclude Include="..\libs\pango\include\glib-2.0\glib\grand.h">
      <Filter>addons\ofxPango</Filter>
    </ClInclude>
    <ClInclude Include="..\libs\pango\include\glib-2.0\glib\gregex.h">
      <Filter>addons\ofxPango</Filter>
    </ClInclude>
    <ClInclude Include="..\libs\pango\include\glib-2.0\glib\gscanner.h">
      <Filter>addons\ofxPango</Filter>
    </ClInclude>
    <ClInclude Include="..\libs\pango\include\glib-2.0\glib\gsequence.h">
      <Filter>addons\ofxPango</Filter>
    </ClInclude>
    <ClInclude Include="..\libs\pango\include\glib-2.0\glib\gshell.h">
      <Filter>addons\ofxPango</Filter>
    </ClInclude>
    <ClInclude Include="..\libs\pango\include\glib-2.0\glib\gslice.h">
      <Filter>addons\ofxPango</Filter>
    </ClInclude>
    <ClInclude Include="..\libs\pango\include\glib-2.0\glib\gslist.h">
      <Filter>addons\ofxPango</Filter>
    </ClInclude>
    <ClInclude Include="..\libs\pango\include\glib-2.0\glib\gspawn.h">
      <Filter>addons\ofxPango</Filter>
    </ClInclude>
    <ClInclude Include="..\libs\pango\include\glib-2.0\glib\gstdio.h">
      <Filter>addons\ofxPango</Filter>
    </ClInclude>
    <ClInclude Include="..\libs\pango\include\glib-2.0\glib\gstrfuncs.h">
      <Filter>addons\ofxPango</Filter>
    </ClInclude>
    <ClInclude Include="..\libs\pango\include\glib-2.0\glib\gstring.h">
      <Filter>addons\ofxPango</Filter>
    </ClInclude>
    <ClInclude Include="..\libs\pango\include\glib-2.0\glib\gstringchunk.h">
      <Filter>addons\ofxPango</Filter>
    </ClInclude>
    <ClInclude Include="..\libs\pango\include\glib-2.0\glib\gtestutils.h">
      <Filter>addons\ofxPango</Filter>
    </ClInclude>
    <ClInclude Include="..\libs\pango\include\glib-2.0\glib\gthread.h">
      <Filter>addons\ofxPango</Filter>
    </ClInclude>
    <ClInclude Include="..\libs\pango\include\glib-2.0\glib\gthreadpool.h">
      <Filter>addons\ofxPango</Filter>
    </ClInclude>
    <ClInclude Include="..\libs\pango\include\glib-2.0\glib\gtimer.h">
      <Filter>addons\ofxPango</Filter>
    </ClInclude>
    <ClInclude Include="..\libs\pango\include\glib-2.0\glib\gtimezone.h">
      <Filter>addons\ofxPango</Filter>
    </ClInclude>
    <ClInclude Include="..\libs\pango\include\glib-2.0\glib\gtrashstack.h">
      <Filter>addons\ofxPango</Filter>
    </ClInclude>
    <ClInclude Include="..\libs\pango\include\glib-2.0\glib\gtree.h">
      <Filter>addons\ofxPango</Filter>
    </ClInclude>
    <ClInclude Include="..\libs\pango\include\glib-2.0\glib\gtypes.h">
      <Filter>addons\ofxPango</Filter>
    </ClInclude>
    <ClInclude Include="..\libs\pango\include\glib-2.0\glib\gunicode.h">
      <Filter>addons\ofxPango</Filter>
    </ClInclude>
    <ClInclude Include="..\libs\pango\include\glib-2.0\glib\gurifuncs.h">
      <Filter>addons\ofxPango</Filter>
    </ClInclude>
    <ClInclude Include="..\libs\pango\include\glib-2.0\glib\gutils.h">
      <Filter>addons\ofxPango</Filter>
    </ClInclude>
    <ClInclude Include="..\libs\pango\include\glib-2.0\glib\gvariant.h">
      <Filter>addons\ofxPango</Filter>
    </ClInclude>
    <ClInclude Include="..\libs\pango\include\glib-2.0\glib\gvarianttype.h">
      <Filter>addons\ofxPango</Filter>
    </ClInclude>
    <ClInclude Include="..\libs\pango\include\glib-2.0\glib\gversion.h">
      <Filter>addons\ofxPango</Filter>
    </ClInclude>
    <ClInclude Include="..\libs\pango\include\glib-2.0\glib\gversionmacros.h">
      <Filter>addons\ofxPango</Filter>
    </ClInclude>
    <ClInclude Include="..\libs\pango\include\glib-2.0\glib\gwin32.h">
      <Filter>addons\ofxPango</Filter>
    </ClInclude>
    <ClInclude Include="..\libs\pango\include\glib-2.0\glib-object.h">
      <Filter>addons\ofxPango</Filter>
    </ClInclude>
    <ClInclude Include="..\libs\pango\include\glib-2.0\glib-unix.h">
      <Filter>addons\ofxPango</Filter>
    </ClInclude>
    <ClInclude Include="..\libs\pango\include\glib-2.0\glib.h">
      <Filter>addons\ofxPango</Filter>
    </ClInclude>
    <ClInclude Include="..\libs\pango\include\glib-2.0\glibconfig.h">
      <Filter>addons\ofxPango</Filter>
    </ClInclude>
    <ClInclude Include="..\libs\pango\include\glib-2.0\gmodule.h">
      <Filter>addons\ofxPango</Filter>
    </ClInclude>
    <ClInclude Include="..\libs\pango\include\glib-2.0\gobject\gbinding.h">
      <Filter>addons\ofxPango</Filter>
    </ClInclude>
    <ClInclude Include="..\libs\pango\include\glib-2.0\gobject\gboxed.h">
      <Filter>addons\ofxPango</Filter>
    </ClInclude>
    <ClInclude Include="..\libs\pango\include\glib-2.0\gobject\gclosure.h">
      <Filter>addons\ofxPango</Filter>
    </ClInclude>
    <ClInclude Include="..\libs\pango\include\glib-2.0\gobject\genums.h">
      <Filter>addons\ofxPango</Filter>
    </ClInclude>
    <ClInclude Include="..\libs\pango\include\glib-2.0\gobject\glib-types.h">
      <Filter>addons\ofxPango</Filter>
    </ClInclude>
    <ClInclude Include="..\libs\pango\include\glib-2.0\gobject\gmarshal.h">
      <Filter>addons\ofxPango</Filter>
    </ClInclude>
    <ClInclude Include="..\libs\pango\include\glib-2.0\gobject\gobject-autocleanups.h">
      <Filter>addons\ofxPango</Filter>
    </ClInclude>
    <ClInclude Include="..\libs\pango\include\glib-2.0\gobject\gobject.h">
      <Filter>addons\ofxPango</Filter>
    </ClInclude>
    <ClInclude Include="..\libs\pango\include\glib-2.0\gobject\gparam.h">
      <Filter>addons\ofxPango</Filter>
    </ClInclude>
    <ClInclude Include="..\libs\pango\include\glib-2.0\gobject\gparamspecs.h">
      <Filter>addons\ofxPango</Filter>
    </ClInclude>
    <ClInclude Include="..\libs\pango\include\glib-2.0\gobject\gsignal.h">
      <Filter>addons\ofxPango</Filter>
    </ClInclude>
    <ClInclude Include="..\libs\pango\include\glib-2.0\gobject\gsourceclosure.h">
      <Filter>addons\ofxPango</Filter>
    </ClInclude>
    <ClInclude Include="..\libs\pango\include\glib-2.0\gobject\gtype.h">
      <Filter>addons\ofxPango</Filter>
    </ClInclude>
    <ClInclude Include="..\libs\pango\include\glib-2.0\gobject\gtypemodule.h">
      <Filter>addons\ofxPango</Filter>
    </ClInclude>
    <ClInclude Include="..\libs\pango\include\glib-2.0\gobject\gtypeplugin.h">
      <Filter>addons\ofxPango</Filter>
    </ClInclude>
    <ClInclude Include="..\libs\pango\include\glib-2.0\gobject\gvalue.h">
      <Filter>addons\ofxPango</Filter>
    </ClInclude>
    <ClInclude Include="..\libs\pango\include\glib-2.0\gobject\gvaluearray.h">
      <Filter>addons\ofxPango</Filter>
    </ClInclude>
    <ClInclude Include="..\libs\pango\include\glib-2.0\gobject\gvaluecollector.h">
      <Filter>addons\ofxPango</Filter>
    </ClInclude>
    <ClInclude Include="..\libs\pango\include\glib-2.0\gobject\gvaluetypes.h">
      <Filter>addons\ofxPango</Filter>
    </ClInclude>
    <ClInclude Include="..\libs\pango\include\harfbuzz\hb-blob.h">
      <Filter>addons\ofxPango</Filter>
    </ClInclude>
    <ClInclude Include="..\libs\pango\include\harfbuzz\hb-buffer.h">
      <Filter>addons\ofxPango</Filter>
    </ClInclude>
    <ClInclude Include="..\libs\pango\include\harfbuzz\hb-common.h">
      <Filter>addons\ofxPango</Filter>
    </ClInclude>
    <ClInclude Include="..\libs\pango\include\harfbuzz\hb-coretext.h">
      <Filter>addons\ofxPango</Filter>
    </ClInclude>
    <ClInclude Include="..\libs\pango\include\harfbuzz\hb-deprecated.h">
      <Filter>addons\ofxPango</Filter>
    </ClInclude>
    <ClInclude Include="..\libs\pango\include\harfbuzz\hb-face.h">
      <Filter>addons\ofxPango</Filter>
    </ClInclude>
    <ClInclude Include="..\libs\pango\include\harfbuzz\hb-font.h">
      <Filter>addons\ofxPango</Filter>
    </ClInclude>
    <ClInclude Include="..\libs\pango\include\harfbuzz\hb-ft.h">
      <Filter>addons\ofxPango</Filter>
    </ClInclude>
    <ClInclude Include="..\libs\pango\include\harfbuzz\hb-glib.h">
      <Filter>addons\ofxPango</Filter>
    </ClInclude>
    <ClInclude Include="..\libs\pango\include\harfbuzz\hb-gobject-enums.h">
      <Filter>addons\ofxPango</Filter>
    </ClInclude>
    <ClInclude Include="..\libs\pango\include\harfbuzz\hb-gobject-structs.h">
      <Filter>addons\ofxPango</Filter>
    </ClInclude>
    <ClInclude Include="..\libs\pango\include\harfbuzz\hb-gobject.h">
      <Filter>addons\ofxPango</Filter>
    </ClInclude>
    <ClInclude Include="..\libs\pango\include\harfbuzz\hb-icu.h">
      <Filter>addons\ofxPango</Filter>
    </ClInclude>
    <ClInclude Include="..\libs\pango\include\harfbuzz\hb-ot-font.h">
      <Filter>addons\ofxPango</Filter>
    </ClInclude>
    <ClInclude Include="..\libs\pango\include\harfbuzz\hb-ot-layout.h">
      <Filter>addons\ofxPango</Filter>
    </ClInclude>
    <ClInclude Include="..\libs\pango\include\harfbuzz\hb-ot-shape.h">
      <Filter>addons\ofxPango</Filter>
    </ClInclude>
    <ClInclude Include="..\libs\pango\include\harfbuzz\hb-ot-tag.h">
      <Filter>addons\ofxPango</Filter>
    </ClInclude>
    <ClInclude Include="..\libs\pango\include\harfbuzz\hb-ot.h">
      <Filter>addons\ofxPango</Filter>
    </ClInclude>
    <ClInclude Include="..\libs\pango\include\harfbuzz\hb-set.h">
      <Filter>addons\ofxPango</Filter>
    </ClInclude>
    <ClInclude Include="..\libs\pango\include\harfbuzz\hb-shape-plan.h">
      <Filter>addons\ofxPango</Filter>
    </ClInclude>
    <ClInclude Include="..\libs\pango\include\harfbuzz\hb-shape.h">
      <Filter>addons\ofxPango</Filter>
    </ClInclude>
    <ClInclude Include="..\libs\pango\include\harfbuzz\hb-unicode.h">
      <Filter>addons\ofxPango</Filter>
    </ClInclude>
    <ClInclude Include="..\libs\pango\include\harfbuzz\hb-version.h">
      <Filter>addons\ofxPango</Filter>
    </ClInclude>
    <ClInclude Include="..\libs\pango\include\harfbuzz\hb.h">
      <Filter>addons\ofxPango</Filter>
    </ClInclude>
    <ClInclude Include="..\libs\pango\include\libpng16\png.h">
      <Filter>addons\ofxPango</Filter>
    </ClInclude>
    <ClInclude Include="..\libs\pango\include\libpng16\pngconf.h">
      <Filter>addons\ofxPango</Filter>
    </ClInclude>
    <ClInclude Include="..\libs\pango\include\libpng16\pnglibconf.h">
      <Filter>addons\ofxPango</Filter>
    </ClInclude>
    <ClInclude Include="..\libs\pango\include\pango\pango-attributes.h">
      <Filter>addons\ofxPango</Filter>
    </ClInclude>
    <ClInclude Include="..\libs\pango\include\pango\pango-bidi-type.h">
      <Filter>addons\ofxPango</Filter>
    </ClInclude>
    <ClInclude Include="..\libs\pango\include\pango\pango-break.h">
      <Filter>addons\ofxPango</Filter>
    </ClInclude>
    <ClInclude Include="..\libs\pango\include\pango\pango-context.h">
      <Filter>addons\ofxPango</Filter>
    </ClInclude>
    <ClInclude Include="..\libs\pango\include\pango\pango-coverage.h">
      <Filter>addons\ofxPango</Filter>
    </ClInclude>
    <ClInclude Include="..\libs\pango\include\pango\pango-engine.h">
      <Filter>addons\ofxPango</Filter>
    </ClInclude>
    <ClInclude Include="..\libs\pango\include\pango\pango-enum-types.h">
      <Filter>addons\ofxPango</Filter>
    </ClInclude>
    <ClInclude Include="..\libs\pango\include\pango\pango-features.h">
      <Filter>addons\ofxPango</Filter>
    </ClInclude>
    <ClInclude Include="..\libs\pango\include\pango\pango-font.h">
      <Filter>addons\ofxPango</Filter>
    </ClInclude>
    <ClInclude Include="..\libs\pango\include\pango\pango-fontmap.h">
      <Filter>addons\ofxPango</Filter>
    </ClInclude>
    <ClInclude Include="..\libs\pango\include\pango\pango-fontset.h">
      <Filter>addons\ofxPango</Filter>
    </ClInclude>
    <ClInclude Include="..\libs\pango\include\pango\pango-glyph-item.h">
      <Filter>addons\ofxPango</Filter>
    </ClInclude>
    <ClInclude Include="..\libs\pango\include\pango\pango-glyph.h">
      <Filter>addons\ofxPango</Filter>
    </ClInclude>
    <ClInclude Include="..\libs\pango\include\pango\pango-gravity.h">
      <Filter>addons\ofxPango</Filter>
    </ClInclude>
    <ClInclude Include="..\libs\pango\include\pango\pango-item.h">
      <Filter>addons\ofxPango</Filter>
    </ClInclude>
    <ClInclude Include="..\libs\pango\include\pango\pango-language.h">
      <Filter>addons\ofxPango</Filter>
    </ClInclude>
    <ClInclude Include="..\libs\pango\include\pango\pango-layout.h">
      <Filter>addons\ofxPango</Filter>
    </ClInclude>
    <ClInclude Include="..\libs\pango\include\pango\pango-matrix.h">
      <Filter>addons\ofxPango</Filter>
    </ClInclude>
    <ClInclude Include="..\libs\pango\include\pango\pango-modules.h">
      <Filter>addons\ofxPango</Filter>
    </ClInclude>
    <ClInclude Include="..\libs\pango\include\pango\pango-ot.h">
      <Filter>addons\ofxPango</Filter>
    </ClInclude>
    <ClInclude Include="..\libs\pango\include\pango\pango-renderer.h">
      <Filter>addons\ofxPango</Filter>
    </ClInclude>
    <ClInclude Include="..\libs\pango\include\pango\pango-script.h">
      <Filter>addons\ofxPango</Filter>
    </ClInclude>
    <ClInclude Include="..\libs\pango\include\pango\pango-tabs.h">
      <Filter>addons\ofxPango</Filter>
    </ClInclude>
    <ClInclude Include="..\libs\pango\include\pango\pango-types.h">
      <Filter>addons\ofxPango</Filter>
    </ClInclude>
    <ClInclude Include="..\libs\pango\include\pango\pango-utils.h">
      <Filter>addons\ofxPango</Filter>
    </ClInclude>
    <ClInclude Include="..\libs\pango\include\pango\pango.h">
      <Filter>addons\ofxPango</Filter>
    </ClInclude>
    <ClInclude Include="..\libs\pango\include\pango\pangocairo.h">
      <Filter>addons\ofxPango</Filter>
    </ClInclude>
    <ClInclude Include="..\libs\pango\include\pango\pangocoretext.h">
      <Filter>addons\ofxPango</Filter>
    </ClInclude>
    <ClInclude Include="..\libs\pango\include\pango\pangofc-decoder.h">
      <Filter>addons\ofxPango</Filter>
    </ClInclude>
    <ClInclude Include="..\libs\pango\include\pango\pangofc-font.h">
      <Filter>addons\ofxPango</Filter>
    </ClInclude>
    <ClInclude Include="..\libs\pango\include\pango\pangofc-fontmap.h">
      <Filter>addons\ofxPango</Filter>
    </ClInclude>
    <ClInclude Include="..\libs\pango\include\pango\pangoft2.h">
      <Filter>addons\ofxPango</Filter>
    </ClInclude>
    <ClInclude Include="..\libs\pango\include\pixman-1\pixman-version.h">
      <Filter>addons\ofxPango</Filter>
    </ClInclude>
    <ClInclude Include="..\libs\pango\include\pixman-1\pixman.h">
      <Filter>addons\ofxPango</Filter>
    </ClInclude>
  </ItemGroup>
  <ItemGroup>
    <ResourceCompile Include="icon.rc" />
  </ItemGroup>
  <ItemGroup>
    <None Include="..\libs\pango\lib\vs\Win32\freetype6.dll" />
    <None Include="..\libs\pango\lib\vs\Win32\libcairo-2.dll" />
    <None Include="..\libs\pango\lib\vs\Win32\libexpat-1.dll" />
    <None Include="..\libs\pango\lib\vs\Win32\libfontconfig-1.dll" />
    <None Include="..\libs\pango\lib\vs\Win32\libgio-2.0-0.dll" />
    <None Include="..\libs\pango\lib\vs\Win32\libglib-2.0-0.dll" />
    <None Include="..\libs\pango\lib\vs\Win32\libgmodule-2.0-0.dll" />
    <None Include="..\libs\pango\lib\vs\Win32\libgobject-2.0-0.dll" />
    <None Include="..\libs\pango\lib\vs\Win32\libgthread-2.0-0.dll" />
    <None Include="..\libs\pango\lib\vs\Win32\libpango-1.0-0.dll" />
    <None Include="..\libs\pango\lib\vs\Win32\libpangocairo-1.0-0.dll" />
    <None Include="..\libs\pango\lib\vs\Win32\libpangoft2-1.0-0.dll" />
    <None Include="..\libs\pango\lib\vs\Win32\libpangowin32-1.0-0.dll" />
    <None Include="..\libs\pango\lib\vs\Win32\libpng14-14.dll" />
  </ItemGroup>
</Project>