// !$*UTF8*$!
{
	archiveVersion = 1;
	classes = {
	};
	objectVersion = 46;
	objects = {

/* Begin PBXBuildFile section */
		25C8AC9E1BEF4D4C00866412 /* libcairo.2.dylib in Frameworks */ = {isa = PBXBuildFile; fileRef = 25C8AC971BEF4D4C00866412 /* libcairo.2.dylib */; };
		25C8AC9F1BEF4D4C00866412 /* libglib-2.0.0.dylib in Frameworks */ = {isa = PBXBuildFile; fileRef = 25C8AC981BEF4D4C00866412 /* libglib-2.0.0.dylib */; };
		25C8ACA01BEF4D4C00866412 /* libgobject-2.0.0.dylib in Frameworks */ = {isa = PBXBuildFile; fileRef = 25C8AC991BEF4D4C00866412 /* libgobject-2.0.0.dylib */; };
		25C8ACA11BEF4D4C00866412 /* libpango-1.0.0.dylib in Frameworks */ = {isa = PBXBuildFile; fileRef = 25C8AC9A1BEF4D4C00866412 /* libpango-1.0.0.dylib */; };
		25C8ACA21BEF4D4C00866412 /* libpangocairo-1.0.0.dylib in Frameworks */ = {isa = PBXBuildFile; fileRef = 25C8AC9B1BEF4D4C00866412 /* libpangocairo-1.0.0.dylib */; };
		25C8ACA31BEF4D4C00866412 /* main.cpp in Sources */ = {isa = PBXBuildFile; fileRef = 25C8AC9D1BEF4D4C00866412 /* main.cpp */; };
/* End PBXBuildFile section */

/* Begin PBXCopyFilesBuildPhase section */
		25DEBB671BEF1A35005CF78C /* CopyFiles */ = {
			isa = PBXCopyFilesBuildPhase;
			buildActionMask = 2147483647;
			dstPath = /usr/share/man/man1/;
			dstSubfolderSpec = 0;
			files = (
			);
			runOnlyForDeploymentPostprocessing = 1;
		};
/* End PBXCopyFilesBuildPhase section */

/* Begin PBXFileReference section */
		25C8AC761BEF4D4B00866412 /* pango-attributes.h */ = {isa = PBXFileReference; fileEncoding = 4; lastKnownFileType = sourcecode.c.h; path = "pango-attributes.h"; sourceTree = "<group>"; };
		25C8AC771BEF4D4B00866412 /* pango-bidi-type.h */ = {isa = PBXFileReference; fileEncoding = 4; lastKnownFileType = sourcecode.c.h; path = "pango-bidi-type.h"; sourceTree = "<group>"; };
		25C8AC781BEF4D4B00866412 /* pango-break.h */ = {isa = PBXFileReference; fileEncoding = 4; lastKnownFileType = sourcecode.c.h; path = "pango-break.h"; sourceTree = "<group>"; };
		25C8AC791BEF4D4B00866412 /* pango-context.h */ = {isa = PBXFileReference; fileEncoding = 4; lastKnownFileType = sourcecode.c.h; path = "pango-context.h"; sourceTree = "<group>"; };
		25C8AC7A1BEF4D4B00866412 /* pango-coverage.h */ = {isa = PBXFileReference; fileEncoding = 4; lastKnownFileType = sourcecode.c.h; path = "pango-coverage.h"; sourceTree = "<group>"; };
		25C8AC7B1BEF4D4B00866412 /* pango-engine.h */ = {isa = PBXFileReference; fileEncoding = 4; lastKnownFileType = sourcecode.c.h; path = "pango-engine.h"; sourceTree = "<group>"; };
		25C8AC7C1BEF4D4B00866412 /* pango-enum-types.h */ = {isa = PBXFileReference; fileEncoding = 4; lastKnownFileType = sourcecode.c.h; path = "pango-enum-types.h"; sourceTree = "<group>"; };
		25C8AC7D1BEF4D4B00866412 /* pango-features.h */ = {isa = PBXFileReference; fileEncoding = 4; lastKnownFileType = sourcecode.c.h; path = "pango-features.h"; sourceTree = "<group>"; };
		25C8AC7E1BEF4D4B00866412 /* pango-font.h */ = {isa = PBXFileReference; fileEncoding = 4; lastKnownFileType = sourcecode.c.h; path = "pango-font.h"; sourceTree = "<group>"; };
		25C8AC7F1BEF4D4B00866412 /* pango-fontmap.h */ = {isa = PBXFileReference; fileEncoding = 4; lastKnownFileType = sourcecode.c.h; path = "pango-fontmap.h"; sourceTree = "<group>"; };
		25C8AC801BEF4D4B00866412 /* pango-fontset.h */ = {isa = PBXFileReference; fileEncoding = 4; lastKnownFileType = sourcecode.c.h; path = "pango-fontset.h"; sourceTree = "<group>"; };
		25C8AC811BEF4D4B00866412 /* pango-glyph-item.h */ = {isa = PBXFileReference; fileEncoding = 4; lastKnownFileType = sourcecode.c.h; path = "pango-glyph-item.h"; sourceTree = "<group>"; };
		25C8AC821BEF4D4B00866412 /* pango-glyph.h */ = {isa = PBXFileReference; fileEncoding = 4; lastKnownFileType = sourcecode.c.h; path = "pango-glyph.h"; sourceTree = "<group>"; };
		25C8AC831BEF4D4B00866412 /* pango-gravity.h */ = {isa = PBXFileReference; fileEncoding = 4; lastKnownFileType = sourcecode.c.h; path = "pango-gravity.h"; sourceTree = "<group>"; };
		25C8AC841BEF4D4B00866412 /* pango-item.h */ = {isa = PBXFileReference; fileEncoding = 4; lastKnownFileType = sourcecode.c.h; path = "pango-item.h"; sourceTree = "<group>"; };
		25C8AC851BEF4D4B00866412 /* pango-language.h */ = {isa = PBXFileReference; fileEncoding = 4; lastKnownFileType = sourcecode.c.h; path = "pango-language.h"; sourceTree = "<group>"; };
		25C8AC861BEF4D4B00866412 /* pango-layout.h */ = {isa = PBXFileReference; fileEncoding = 4; lastKnownFileType = sourcecode.c.h; path = "pango-layout.h"; sourceTree = "<group>"; };
		25C8AC871BEF4D4B00866412 /* pango-matrix.h */ = {isa = PBXFileReference; fileEncoding = 4; lastKnownFileType = sourcecode.c.h; path = "pango-matrix.h"; sourceTree = "<group>"; };
		25C8AC881BEF4D4B00866412 /* pango-modules.h */ = {isa = PBXFileReference; fileEncoding = 4; lastKnownFileType = sourcecode.c.h; path = "pango-modules.h"; sourceTree = "<group>"; };
		25C8AC891BEF4D4B00866412 /* pango-ot.h */ = {isa = PBXFileReference; fileEncoding = 4; lastKnownFileType = sourcecode.c.h; path = "pango-ot.h"; sourceTree = "<group>"; };
		25C8AC8A1BEF4D4B00866412 /* pango-renderer.h */ = {isa = PBXFileReference; fileEncoding = 4; lastKnownFileType = sourcecode.c.h; path = "pango-renderer.h"; sourceTree = "<group>"; };
		25C8AC8B1BEF4D4B00866412 /* pango-script.h */ = {isa = PBXFileReference; fileEncoding = 4; lastKnownFileType = sourcecode.c.h; path = "pango-script.h"; sourceTree = "<group>"; };
		25C8AC8C1BEF4D4B00866412 /* pango-tabs.h */ = {isa = PBXFileReference; fileEncoding = 4; lastKnownFileType = sourcecode.c.h; path = "pango-tabs.h"; sourceTree = "<group>"; };
		25C8AC8D1BEF4D4B00866412 /* pango-types.h */ = {isa = PBXFileReference; fileEncoding = 4; lastKnownFileType = sourcecode.c.h; path = "pango-types.h"; sourceTree = "<group>"; };
		25C8AC8E1BEF4D4B00866412 /* pango-utils.h */ = {isa = PBXFileReference; fileEncoding = 4; lastKnownFileType = sourcecode.c.h; path = "pango-utils.h"; sourceTree = "<group>"; };
		25C8AC8F1BEF4D4C00866412 /* pango.h */ = {isa = PBXFileReference; fileEncoding = 4; lastKnownFileType = sourcecode.c.h; path = pango.h; sourceTree = "<group>"; };
		25C8AC901BEF4D4C00866412 /* pangocairo.h */ = {isa = PBXFileReference; fileEncoding = 4; lastKnownFileType = sourcecode.c.h; path = pangocairo.h; sourceTree = "<group>"; };
		25C8AC911BEF4D4C00866412 /* pangocoretext.h */ = {isa = PBXFileReference; fileEncoding = 4; lastKnownFileType = sourcecode.c.h; path = pangocoretext.h; sourceTree = "<group>"; };
		25C8AC921BEF4D4C00866412 /* pangofc-decoder.h */ = {isa = PBXFileReference; fileEncoding = 4; lastKnownFileType = sourcecode.c.h; path = "pangofc-decoder.h"; sourceTree = "<group>"; };
		25C8AC931BEF4D4C00866412 /* pangofc-font.h */ = {isa = PBXFileReference; fileEncoding = 4; lastKnownFileType = sourcecode.c.h; path = "pangofc-font.h"; sourceTree = "<group>"; };
		25C8AC941BEF4D4C00866412 /* pangofc-fontmap.h */ = {isa = PBXFileReference; fileEncoding = 4; lastKnownFileType = sourcecode.c.h; path = "pangofc-fontmap.h"; sourceTree = "<group>"; };
		25C8AC951BEF4D4C00866412 /* pangoft2.h */ = {isa = PBXFileReference; fileEncoding = 4; lastKnownFileType = sourcecode.c.h; path = pangoft2.h; sourceTree = "<group>"; };
		25C8AC971BEF4D4C00866412 /* libcairo.2.dylib */ = {isa = PBXFileReference; lastKnownFileType = "compiled.mach-o.dylib"; path = libcairo.2.dylib; sourceTree = "<group>"; };
		25C8AC981BEF4D4C00866412 /* libglib-2.0.0.dylib */ = {isa = PBXFileReference; lastKnownFileType = "compiled.mach-o.dylib"; path = "libglib-2.0.0.dylib"; sourceTree = "<group>"; };
		25C8AC991BEF4D4C00866412 /* libgobject-2.0.0.dylib */ = {isa = PBXFileReference; lastKnownFileType = "compiled.mach-o.dylib"; path = "libgobject-2.0.0.dylib"; sourceTree = "<group>"; };
		25C8AC9A1BEF4D4C00866412 /* libpango-1.0.0.dylib */ = {isa = PBXFileReference; lastKnownFileType = "compiled.mach-o.dylib"; path = "libpango-1.0.0.dylib"; sourceTree = "<group>"; };
		25C8AC9B1BEF4D4C00866412 /* libpangocairo-1.0.0.dylib */ = {isa = PBXFileReference; lastKnownFileType = "compiled.mach-o.dylib"; path = "libpangocairo-1.0.0.dylib"; sourceTree = "<group>"; };
		25C8AC9D1BEF4D4C00866412 /* main.cpp */ = {isa = PBXFileReference; fileEncoding = 4; lastKnownFileType = sourcecode.cpp.cpp; path = main.cpp; sourceTree = "<group>"; };
		25DEBB691BEF1A35005CF78C /* PangoTest */ = {isa = PBXFileReference; explicitFileType = "compiled.mach-o.executable"; includeInIndex = 0; path = PangoTest; sourceTree = BUILT_PRODUCTS_DIR; };
		25DEBB6C1BEF1A35005CF78C /* main.cpp */ = {isa = PBXFileReference; lastKnownFileType = sourcecode.cpp.cpp; path = main.cpp; sourceTree = "<group>"; };
/* End PBXFileReference section */

/* Begin PBXFrameworksBuildPhase section */
		25DEBB661BEF1A35005CF78C /* Frameworks */ = {
			isa = PBXFrameworksBuildPhase;
			buildActionMask = 2147483647;
			files = (
				25C8ACA11BEF4D4C00866412 /* libpango-1.0.0.dylib in Frameworks */,
				25C8ACA21BEF4D4C00866412 /* libpangocairo-1.0.0.dylib in Frameworks */,
				25C8AC9E1BEF4D4C00866412 /* libcairo.2.dylib in Frameworks */,
				25C8AC9F1BEF4D4C00866412 /* libglib-2.0.0.dylib in Frameworks */,
				25C8ACA01BEF4D4C00866412 /* libgobject-2.0.0.dylib in Frameworks */,
			);
			runOnlyForDeploymentPostprocessing = 0;
		};
/* End PBXFrameworksBuildPhase section */

/* Begin PBXGroup section */
		25C8AC741BEF4D4B00866412 /* includes */ = {
			isa = PBXGroup;
			children = (
				25C8AC751BEF4D4B00866412 /* pango */,
			);
			path = includes;
			sourceTree = "<group>";
		};
		25C8AC751BEF4D4B00866412 /* pango */ = {
			isa = PBXGroup;
			children = (
				25C8AC761BEF4D4B00866412 /* pango-attributes.h */,
				25C8AC771BEF4D4B00866412 /* pango-bidi-type.h */,
				25C8AC781BEF4D4B00866412 /* pango-break.h */,
				25C8AC791BEF4D4B00866412 /* pango-context.h */,
				25C8AC7A1BEF4D4B00866412 /* pango-coverage.h */,
				25C8AC7B1BEF4D4B00866412 /* pango-engine.h */,
				25C8AC7C1BEF4D4B00866412 /* pango-enum-types.h */,
				25C8AC7D1BEF4D4B00866412 /* pango-features.h */,
				25C8AC7E1BEF4D4B00866412 /* pango-font.h */,
				25C8AC7F1BEF4D4B00866412 /* pango-fontmap.h */,
				25C8AC801BEF4D4B00866412 /* pango-fontset.h */,
				25C8AC811BEF4D4B00866412 /* pango-glyph-item.h */,
				25C8AC821BEF4D4B00866412 /* pango-glyph.h */,
				25C8AC831BEF4D4B00866412 /* pango-gravity.h */,
				25C8AC841BEF4D4B00866412 /* pango-item.h */,
				25C8AC851BEF4D4B00866412 /* pango-language.h */,
				25C8AC861BEF4D4B00866412 /* pango-layout.h */,
				25C8AC871BEF4D4B00866412 /* pango-matrix.h */,
				25C8AC881BEF4D4B00866412 /* pango-modules.h */,
				25C8AC891BEF4D4B00866412 /* pango-ot.h */,
				25C8AC8A1BEF4D4B00866412 /* pango-renderer.h */,
				25C8AC8B1BEF4D4B00866412 /* pango-script.h */,
				25C8AC8C1BEF4D4B00866412 /* pango-tabs.h */,
				25C8AC8D1BEF4D4B00866412 /* pango-types.h */,
				25C8AC8E1BEF4D4B00866412 /* pango-utils.h */,
				25C8AC8F1BEF4D4C00866412 /* pango.h */,
				25C8AC901BEF4D4C00866412 /* pangocairo.h */,
				25C8AC911BEF4D4C00866412 /* pangocoretext.h */,
				25C8AC921BEF4D4C00866412 /* pangofc-decoder.h */,
				25C8AC931BEF4D4C00866412 /* pangofc-font.h */,
				25C8AC941BEF4D4C00866412 /* pangofc-fontmap.h */,
				25C8AC951BEF4D4C00866412 /* pangoft2.h */,
			);
			path = pango;
			sourceTree = "<group>";
		};
		25C8AC961BEF4D4C00866412 /* libs */ = {
			isa = PBXGroup;
			children = (
				25C8AC971BEF4D4C00866412 /* libcairo.2.dylib */,
				25C8AC981BEF4D4C00866412 /* libglib-2.0.0.dylib */,
				25C8AC991BEF4D4C00866412 /* libgobject-2.0.0.dylib */,
				25C8AC9A1BEF4D4C00866412 /* libpango-1.0.0.dylib */,
				25C8AC9B1BEF4D4C00866412 /* libpangocairo-1.0.0.dylib */,
			);
			path = libs;
			sourceTree = "<group>";
		};
		25C8AC9C1BEF4D4C00866412 /* src */ = {
			isa = PBXGroup;
			children = (
				25C8AC9D1BEF4D4C00866412 /* main.cpp */,
			);
			path = src;
			sourceTree = "<group>";
		};
		25DEBB601BEF1A35005CF78C = {
			isa = PBXGroup;
			children = (
				25C8AC9C1BEF4D4C00866412 /* src */,
				25C8AC741BEF4D4B00866412 /* includes */,
				25C8AC961BEF4D4C00866412 /* libs */,
				25DEBB6B1BEF1A35005CF78C /* PangoTest */,
				25DEBB6A1BEF1A35005CF78C /* Products */,
			);
			sourceTree = "<group>";
		};
		25DEBB6A1BEF1A35005CF78C /* Products */ = {
			isa = PBXGroup;
			children = (
				25DEBB691BEF1A35005CF78C /* PangoTest */,
			);
			name = Products;
			sourceTree = "<group>";
		};
		25DEBB6B1BEF1A35005CF78C /* PangoTest */ = {
			isa = PBXGroup;
			children = (
				25DEBB6C1BEF1A35005CF78C /* main.cpp */,
			);
			path = PangoTest;
			sourceTree = "<group>";
		};
/* End PBXGroup section */

/* Begin PBXNativeTarget section */
		25DEBB681BEF1A35005CF78C /* PangoTest */ = {
			isa = PBXNativeTarget;
			buildConfigurationList = 25DEBB701BEF1A35005CF78C /* Build configuration list for PBXNativeTarget "PangoTest" */;
			buildPhases = (
				25DEBB651BEF1A35005CF78C /* Sources */,
				25DEBB661BEF1A35005CF78C /* Frameworks */,
				25DEBB671BEF1A35005CF78C /* CopyFiles */,
			);
			buildRules = (
			);
			dependencies = (
			);
			name = PangoTest;
			productName = PangoTest;
			productReference = 25DEBB691BEF1A35005CF78C /* PangoTest */;
			productType = "com.apple.product-type.tool";
		};
/* End PBXNativeTarget section */

/* Begin PBXProject section */
		25DEBB611BEF1A35005CF78C /* Project object */ = {
			isa = PBXProject;
			attributes = {
				LastUpgradeCheck = 0710;
				ORGANIZATIONNAME = "Eric Mika";
				TargetAttributes = {
					25DEBB681BEF1A35005CF78C = {
						CreatedOnToolsVersion = 7.1;
					};
				};
			};
			buildConfigurationList = 25DEBB641BEF1A35005CF78C /* Build configuration list for PBXProject "PangoTest" */;
			compatibilityVersion = "Xcode 3.2";
			developmentRegion = English;
			hasScannedForEncodings = 0;
			knownRegions = (
				en,
			);
			mainGroup = 25DEBB601BEF1A35005CF78C;
			productRefGroup = 25DEBB6A1BEF1A35005CF78C /* Products */;
			projectDirPath = "";
			projectRoot = "";
			targets = (
				25DEBB681BEF1A35005CF78C /* PangoTest */,
			);
		};
/* End PBXProject section */

/* Begin PBXSourcesBuildPhase section */
		25DEBB651BEF1A35005CF78C /* Sources */ = {
			isa = PBXSourcesBuildPhase;
			buildActionMask = 2147483647;
			files = (
				25C8ACA31BEF4D4C00866412 /* main.cpp in Sources */,
			);
			runOnlyForDeploymentPostprocessing = 0;
		};
/* End PBXSourcesBuildPhase section */

/* Begin XCBuildConfiguration section */
		25DEBB6E1BEF1A35005CF78C /* Debug */ = {
			isa = XCBuildConfiguration;
			buildSettings = {
				ALWAYS_SEARCH_USER_PATHS = YES;
				ARCHS = "$(ARCHS_STANDARD_64_BIT)";
				CLANG_CXX_LANGUAGE_STANDARD = "gnu++0x";
				CLANG_CXX_LIBRARY = "libc++";
				CLANG_ENABLE_MODULES = YES;
				CLANG_ENABLE_OBJC_ARC = YES;
				CLANG_WARN_BOOL_CONVERSION = YES;
				CLANG_WARN_CONSTANT_CONVERSION = YES;
				CLANG_WARN_DIRECT_OBJC_ISA_USAGE = YES_ERROR;
				CLANG_WARN_EMPTY_BODY = YES;
				CLANG_WARN_ENUM_CONVERSION = YES;
				CLANG_WARN_INT_CONVERSION = YES;
				CLANG_WARN_OBJC_ROOT_CLASS = YES_ERROR;
				CLANG_WARN_UNREACHABLE_CODE = YES;
				CLANG_WARN__DUPLICATE_METHOD_MATCH = YES;
				CODE_SIGN_IDENTITY = "-";
				COPY_PHASE_STRIP = NO;
				DEBUG_INFORMATION_FORMAT = dwarf;
				ENABLE_STRICT_OBJC_MSGSEND = YES;
				ENABLE_TESTABILITY = YES;
				GCC_C_LANGUAGE_STANDARD = gnu99;
				GCC_DYNAMIC_NO_PIC = NO;
				GCC_NO_COMMON_BLOCKS = YES;
				GCC_OPTIMIZATION_LEVEL = 0;
				GCC_PREPROCESSOR_DEFINITIONS = (
					"DEBUG=1",
					"$(inherited)",
				);
				GCC_WARN_64_TO_32_BIT_CONVERSION = YES;
				GCC_WARN_ABOUT_RETURN_TYPE = YES_ERROR;
				GCC_WARN_UNDECLARED_SELECTOR = YES;
				GCC_WARN_UNINITIALIZED_AUTOS = YES_AGGRESSIVE;
				GCC_WARN_UNUSED_FUNCTION = YES;
				GCC_WARN_UNUSED_VARIABLE = YES;
				MACOSX_DEPLOYMENT_TARGET = 10.11;
				MTL_ENABLE_DEBUG_INFO = YES;
				ONLY_ACTIVE_ARCH = YES;
				SDKROOT = macosx;
				VALID_ARCHS = x86_64;
			};
			name = Debug;
		};
		25DEBB6F1BEF1A35005CF78C /* Release */ = {
			isa = XCBuildConfiguration;
			buildSettings = {
				ALWAYS_SEARCH_USER_PATHS = YES;
				ARCHS = "$(ARCHS_STANDARD_64_BIT)";
				CLANG_CXX_LANGUAGE_STANDARD = "gnu++0x";
				CLANG_CXX_LIBRARY = "libc++";
				CLANG_ENABLE_MODULES = YES;
				CLANG_ENABLE_OBJC_ARC = YES;
				CLANG_WARN_BOOL_CONVERSION = YES;
				CLANG_WARN_CONSTANT_CONVERSION = YES;
				CLANG_WARN_DIRECT_OBJC_ISA_USAGE = YES_ERROR;
				CLANG_WARN_EMPTY_BODY = YES;
				CLANG_WARN_ENUM_CONVERSION = YES;
				CLANG_WARN_INT_CONVERSION = YES;
				CLANG_WARN_OBJC_ROOT_CLASS = YES_ERROR;
				CLANG_WARN_UNREACHABLE_CODE = YES;
				CLANG_WARN__DUPLICATE_METHOD_MATCH = YES;
				CODE_SIGN_IDENTITY = "-";
				COPY_PHASE_STRIP = NO;
				DEBUG_INFORMATION_FORMAT = "dwarf-with-dsym";
				ENABLE_NS_ASSERTIONS = NO;
				ENABLE_STRICT_OBJC_MSGSEND = YES;
				GCC_C_LANGUAGE_STANDARD = gnu99;
				GCC_NO_COMMON_BLOCKS = YES;
				GCC_WARN_64_TO_32_BIT_CONVERSION = YES;
				GCC_WARN_ABOUT_RETURN_TYPE = YES_ERROR;
				GCC_WARN_UNDECLARED_SELECTOR = YES;
				GCC_WARN_UNINITIALIZED_AUTOS = YES_AGGRESSIVE;
				GCC_WARN_UNUSED_FUNCTION = YES;
				GCC_WARN_UNUSED_VARIABLE = YES;
				MACOSX_DEPLOYMENT_TARGET = 10.11;
				MTL_ENABLE_DEBUG_INFO = NO;
				SDKROOT = macosx;
				VALID_ARCHS = x86_64;
			};
			name = Release;
		};
		25DEBB711BEF1A35005CF78C /* Debug */ = {
			isa = XCBuildConfiguration;
			buildSettings = {
				HEADER_SEARCH_PATHS = "$(PROJECT_DIR)/includes/**";
				LIBRARY_SEARCH_PATHS = (
					"$(inherited)",
					"$(PROJECT_DIR)/libs",
				);
				PRODUCT_NAME = "$(TARGET_NAME)";
			};
			name = Debug;
		};
		25DEBB721BEF1A35005CF78C /* Release */ = {
			isa = XCBuildConfiguration;
			buildSettings = {
				HEADER_SEARCH_PATHS = "$(PROJECT_DIR)/includes/**";
				LIBRARY_SEARCH_PATHS = (
					"$(inherited)",
					"$(PROJECT_DIR)/libs",
				);
				PRODUCT_NAME = "$(TARGET_NAME)";
			};
			name = Release;
		};
/* End XCBuildConfiguration section */

/* Begin XCConfigurationList section */
		25DEBB641BEF1A35005CF78C /* Build configuration list for PBXProject "PangoTest" */ = {
			isa = XCConfigurationList;
			buildConfigurations = (
				25DEBB6E1BEF1A35005CF78C /* Debug */,
				25DEBB6F1BEF1A35005CF78C /* Release */,
			);
			defaultConfigurationIsVisible = 0;
			defaultConfigurationName = Release;
		};
		25DEBB701BEF1A35005CF78C /* Build configuration list for PBXNativeTarget "PangoTest" */ = {
			isa = XCConfigurationList;
			buildConfigurations = (
				25DEBB711BEF1A35005CF78C /* Debug */,
				25DEBB721BEF1A35005CF78C /* Release */,
			);
			defaultConfigurationIsVisible = 0;
			defaultConfigurationName = Release;
		};
/* End XCConfigurationList section */
	};
	rootObject = 25DEBB611BEF1A35005CF78C /* Project object */;
}
